
Microsoft Visual Studio Solution File, Format Version 12.00
# Visual Studio 2012
Project("{FAE04EC0-301F-11D3-BF4B-00C04F79EFBC}") = "SampleTSSite", "SampleTSSite\SampleTSSite.csproj", "{93423C0A-CF54-4149-8662-A91BB1F54842}"
EndProject
Global
	GlobalSection(SolutionConfigurationPlatforms) = preSolution
		Debug|Any CPU = Debug|Any CPU
		Release|Any CPU = Release|Any CPU
	EndGlobalSection
	GlobalSection(ProjectConfigurationPlatforms) = postSolution
		{93423C0A-CF54-4149-8662-A91BB1F54842}.Debug|Any CPU.ActiveCfg = Debug|Any CPU
		{93423C0A-CF54-4149-8662-A91BB1F54842}.Debug|Any CPU.Build.0 = Debug|Any CPU
		{93423C0A-CF54-4149-8662-A91BB1F54842}.Release|Any CPU.ActiveCfg = Release|Any CPU
		{93423C0A-CF54-4149-8662-A91BB1F54842}.Release|Any CPU.Build.0 = Release|Any CPU
	EndGlobalSection
	GlobalSection(SolutionProperties) = preSolution
		HideSolutionNode = FALSE
	EndGlobalSection
EndGlobal
